
Microsoft Visual Studio Solution File, Format Version 12.00
# Visual Studio Version 17
VisualStudioVersion = 17.0.31808.319
MinimumVisualStudioVersion = 10.0.40219.1
Project("{FAE04EC0-301F-11D3-BF4B-00C04F79EFBC}") = "HolidayChallenge.WebAPI", "HolidayChallenge.WebAPI\HolidayChallenge.WebAPI.csproj", "{CFCEFD14-B773-4743-A796-C6CDD6B04F18}"
EndProject
Project("{FAE04EC0-301F-11D3-BF4B-00C04F79EFBC}") = "HolidayChallenge.Data", "HolidayChallenge.Data\HolidayChallenge.Data.csproj", "{09780E5C-40C6-4D12-9EA5-16E4F93FDF09}"
EndProject
Project("{FAE04EC0-301F-11D3-BF4B-00C04F79EFBC}") = "HolidayChallenge.Models", "HolidayChallenge.Models\HolidayChallenge.Models.csproj", "{014FD107-B357-4417-8550-FF95BEE95F4A}"
EndProject
Project("{FAE04EC0-301F-11D3-BF4B-00C04F79EFBC}") = "HolidayChallenge.Services", "HolidayChallenge.Services\HolidayChallenge.Services.csproj", "{AA2A7FC8-8C19-4949-9447-A471DC8C8112}"
EndProject
Global
	GlobalSection(SolutionConfigurationPlatforms) = preSolution
		Debug|Any CPU = Debug|Any CPU
		Release|Any CPU = Release|Any CPU
	EndGlobalSection
	GlobalSection(ProjectConfigurationPlatforms) = postSolution
		{CFCEFD14-B773-4743-A796-C6CDD6B04F18}.Debug|Any CPU.ActiveCfg = Debug|Any CPU
		{CFCEFD14-B773-4743-A796-C6CDD6B04F18}.Debug|Any CPU.Build.0 = Debug|Any CPU
		{CFCEFD14-B773-4743-A796-C6CDD6B04F18}.Release|Any CPU.ActiveCfg = Release|Any CPU
		{CFCEFD14-B773-4743-A796-C6CDD6B04F18}.Release|Any CPU.Build.0 = Release|Any CPU
		{09780E5C-40C6-4D12-9EA5-16E4F93FDF09}.Debug|Any CPU.ActiveCfg = Debug|Any CPU
		{09780E5C-40C6-4D12-9EA5-16E4F93FDF09}.Debug|Any CPU.Build.0 = Debug|Any CPU
		{09780E5C-40C6-4D12-9EA5-16E4F93FDF09}.Release|Any CPU.ActiveCfg = Release|Any CPU
		{09780E5C-40C6-4D12-9EA5-16E4F93FDF09}.Release|Any CPU.Build.0 = Release|Any CPU
		{014FD107-B357-4417-8550-FF95BEE95F4A}.Debug|Any CPU.ActiveCfg = Debug|Any CPU
		{014FD107-B357-4417-8550-FF95BEE95F4A}.Debug|Any CPU.Build.0 = Debug|Any CPU
		{014FD107-B357-4417-8550-FF95BEE95F4A}.Release|Any CPU.ActiveCfg = Release|Any CPU
		{014FD107-B357-4417-8550-FF95BEE95F4A}.Release|Any CPU.Build.0 = Release|Any CPU
		{AA2A7FC8-8C19-4949-9447-A471DC8C8112}.Debug|Any CPU.ActiveCfg = Debug|Any CPU
		{AA2A7FC8-8C19-4949-9447-A471DC8C8112}.Debug|Any CPU.Build.0 = Debug|Any CPU
		{AA2A7FC8-8C19-4949-9447-A471DC8C8112}.Release|Any CPU.ActiveCfg = Release|Any CPU
		{AA2A7FC8-8C19-4949-9447-A471DC8C8112}.Release|Any CPU.Build.0 = Release|Any CPU
	EndGlobalSection
	GlobalSection(SolutionProperties) = preSolution
		HideSolutionNode = FALSE
	EndGlobalSection
	GlobalSection(ExtensibilityGlobals) = postSolution
		SolutionGuid = {7291E585-0D5A-4816-85D7-56431055417C}
	EndGlobalSection
EndGlobal
